
Microsoft Visual Studio Solution File, Format Version 12.00
# Visual Studio 15
VisualStudioVersion = 15.0.28307.645
MinimumVisualStudioVersion = 10.0.40219.1
Project("{FAE04EC0-301F-11D3-BF4B-00C04F79EFBC}") = "cloudAPIs_RESTAPI", "cloudAPIs_RESTAPI\cloudAPIs_RESTAPI.csproj", "{0488E160-1109-4827-A977-2FB094467246}"
EndProject
Global
	GlobalSection(SolutionConfigurationPlatforms) = preSolution
		Debug|Any CPU = Debug|Any CPU
		Release|Any CPU = Release|Any CPU
	EndGlobalSection
	GlobalSection(ProjectConfigurationPlatforms) = postSolution
		{0488E160-1109-4827-A977-2FB094467246}.Debug|Any CPU.ActiveCfg = Debug|Any CPU
		{0488E160-1109-4827-A977-2FB094467246}.Debug|Any CPU.Build.0 = Debug|Any CPU
		{0488E160-1109-4827-A977-2FB094467246}.Release|Any CPU.ActiveCfg = Release|Any CPU
		{0488E160-1109-4827-A977-2FB094467246}.Release|Any CPU.Build.0 = Release|Any CPU
	EndGlobalSection
	GlobalSection(SolutionProperties) = preSolution
		HideSolutionNode = FALSE
	EndGlobalSection
	GlobalSection(ExtensibilityGlobals) = postSolution
		SolutionGuid = {69532229-D1B5-48B6-9D2D-B8A79824DCE9}
	EndGlobalSection
EndGlobal
